
Microsoft Visual Studio Solution File, Format Version 12.00
# Visual Studio Version 16
VisualStudioVersion = 16.0.30114.105
MinimumVisualStudioVersion = 10.0.40219.1
Project("{2150E333-8FDC-42A3-9474-1A3956D46DE8}") = "src", "src", "{69352269-863A-4AE6-8B8B-D9726B8F1F0D}"
EndProject
Project("{2150E333-8FDC-42A3-9474-1A3956D46DE8}") = "Aggregator", "Aggregator", "{1D9BABA5-B255-4466-87AF-C356305CB2AC}"
EndProject
Project("{FAE04EC0-301F-11D3-BF4B-00C04F79EFBC}") = "FeedR.Aggregator", "src\Aggregator\FeedR.Aggregator\FeedR.Aggregator.csproj", "{30BB8EE0-6FC2-4333-9F8E-4856A255EBAD}"
EndProject
Project("{2150E333-8FDC-42A3-9474-1A3956D46DE8}") = "Feeds", "Feeds", "{039C4E6F-972C-43AC-AED9-46C6251861B2}"
EndProject
Project("{2150E333-8FDC-42A3-9474-1A3956D46DE8}") = "News", "News", "{35C67AA2-5170-41D9-81E0-46392F0F7B26}"
EndProject
Project("{FAE04EC0-301F-11D3-BF4B-00C04F79EFBC}") = "FeedR.Feeds.News", "src\Feeds\News\FeedR.Feeds.News\FeedR.Feeds.News.csproj", "{6BCC3C06-D397-43BB-9DE6-07DC5E79E886}"
EndProject
Project("{2150E333-8FDC-42A3-9474-1A3956D46DE8}") = "Quotes", "Quotes", "{AB1CB358-C35B-4691-990D-190897560A73}"
EndProject
Project("{FAE04EC0-301F-11D3-BF4B-00C04F79EFBC}") = "FeedR.Feeds.Quotes", "src\Feeds\Quotes\FeedR.Feeds.Quotes\FeedR.Feeds.Quotes.csproj", "{772968A0-D24C-43CB-85CA-635DD786C361}"
EndProject
Project("{2150E333-8FDC-42A3-9474-1A3956D46DE8}") = "Weather", "Weather", "{EAE0D1B1-C80E-4585-839F-8DC887EDAA71}"
EndProject
Project("{FAE04EC0-301F-11D3-BF4B-00C04F79EFBC}") = "FeedR.Feeds.Weather", "src\Feeds\Weather\FeedR.Feeds.Weather\FeedR.Feeds.Weather.csproj", "{DE8122B6-6A41-4B0E-9A1C-F06374809524}"
EndProject
Project("{2150E333-8FDC-42A3-9474-1A3956D46DE8}") = "Gateway", "Gateway", "{E19CD90A-790B-4042-9C95-F07CDF8ACEA0}"
EndProject
Project("{FAE04EC0-301F-11D3-BF4B-00C04F79EFBC}") = "FeedR.Gateway", "src\Gateway\FeedR.Gateway\FeedR.Gateway.csproj", "{459C2169-CCE5-4AD8-A317-64C3E90A755C}"
EndProject
Project("{2150E333-8FDC-42A3-9474-1A3956D46DE8}") = "Notifier", "Notifier", "{B56DAACB-E523-42A8-9EEF-6795B504527C}"
EndProject
Project("{FAE04EC0-301F-11D3-BF4B-00C04F79EFBC}") = "FeedR.Notifier", "src\Notifier\FeedR.Notifier\FeedR.Notifier.csproj", "{3209CF4A-A69A-4EF2-B582-08EF0AEB0714}"
EndProject
Project("{2150E333-8FDC-42A3-9474-1A3956D46DE8}") = "Shared", "Shared", "{B7D2433B-3E0D-4BD6-AECD-0BD007E42C31}"
EndProject
Project("{FAE04EC0-301F-11D3-BF4B-00C04F79EFBC}") = "FeedR.Shared", "src\Shared\FeedR.Shared\FeedR.Shared.csproj", "{C51D606D-9A76-4269-930A-C4DC72F9542A}"
EndProject
Global
	GlobalSection(SolutionConfigurationPlatforms) = preSolution
		Debug|Any CPU = Debug|Any CPU
		Release|Any CPU = Release|Any CPU
	EndGlobalSection
	GlobalSection(SolutionProperties) = preSolution
		HideSolutionNode = FALSE
	EndGlobalSection
	GlobalSection(ProjectConfigurationPlatforms) = postSolution
		{30BB8EE0-6FC2-4333-9F8E-4856A255EBAD}.Debug|Any CPU.ActiveCfg = Debug|Any CPU
		{30BB8EE0-6FC2-4333-9F8E-4856A255EBAD}.Debug|Any CPU.Build.0 = Debug|Any CPU
		{30BB8EE0-6FC2-4333-9F8E-4856A255EBAD}.Release|Any CPU.ActiveCfg = Release|Any CPU
		{30BB8EE0-6FC2-4333-9F8E-4856A255EBAD}.Release|Any CPU.Build.0 = Release|Any CPU
		{6BCC3C06-D397-43BB-9DE6-07DC5E79E886}.Debug|Any CPU.ActiveCfg = Debug|Any CPU
		{6BCC3C06-D397-43BB-9DE6-07DC5E79E886}.Debug|Any CPU.Build.0 = Debug|Any CPU
		{6BCC3C06-D397-43BB-9DE6-07DC5E79E886}.Release|Any CPU.ActiveCfg = Release|Any CPU
		{6BCC3C06-D397-43BB-9DE6-07DC5E79E886}.Release|Any CPU.Build.0 = Release|Any CPU
		{772968A0-D24C-43CB-85CA-635DD786C361}.Debug|Any CPU.ActiveCfg = Debug|Any CPU
		{772968A0-D24C-43CB-85CA-635DD786C361}.Debug|Any CPU.Build.0 = Debug|Any CPU
		{772968A0-D24C-43CB-85CA-635DD786C361}.Release|Any CPU.ActiveCfg = Release|Any CPU
		{772968A0-D24C-43CB-85CA-635DD786C361}.Release|Any CPU.Build.0 = Release|Any CPU
		{DE8122B6-6A41-4B0E-9A1C-F06374809524}.Debug|Any CPU.ActiveCfg = Debug|Any CPU
		{DE8122B6-6A41-4B0E-9A1C-F06374809524}.Debug|Any CPU.Build.0 = Debug|Any CPU
		{DE8122B6-6A41-4B0E-9A1C-F06374809524}.Release|Any CPU.ActiveCfg = Release|Any CPU
		{DE8122B6-6A41-4B0E-9A1C-F06374809524}.Release|Any CPU.Build.0 = Release|Any CPU
		{459C2169-CCE5-4AD8-A317-64C3E90A755C}.Debug|Any CPU.ActiveCfg = Debug|Any CPU
		{459C2169-CCE5-4AD8-A317-64C3E90A755C}.Debug|Any CPU.Build.0 = Debug|Any CPU
		{459C2169-CCE5-4AD8-A317-64C3E90A755C}.Release|Any CPU.ActiveCfg = Release|Any CPU
		{459C2169-CCE5-4AD8-A317-64C3E90A755C}.Release|Any CPU.Build.0 = Release|Any CPU
		{3209CF4A-A69A-4EF2-B582-08EF0AEB0714}.Debug|Any CPU.ActiveCfg = Debug|Any CPU
		{3209CF4A-A69A-4EF2-B582-08EF0AEB0714}.Debug|Any CPU.Build.0 = Debug|Any CPU
		{3209CF4A-A69A-4EF2-B582-08EF0AEB0714}.Release|Any CPU.ActiveCfg = Release|Any CPU
		{3209CF4A-A69A-4EF2-B582-08EF0AEB0714}.Release|Any CPU.Build.0 = Release|Any CPU
		{C51D606D-9A76-4269-930A-C4DC72F9542A}.Debug|Any CPU.ActiveCfg = Debug|Any CPU
		{C51D606D-9A76-4269-930A-C4DC72F9542A}.Debug|Any CPU.Build.0 = Debug|Any CPU
		{C51D606D-9A76-4269-930A-C4DC72F9542A}.Release|Any CPU.ActiveCfg = Release|Any CPU
		{C51D606D-9A76-4269-930A-C4DC72F9542A}.Release|Any CPU.Build.0 = Release|Any CPU
	EndGlobalSection
	GlobalSection(NestedProjects) = preSolution
		{1D9BABA5-B255-4466-87AF-C356305CB2AC} = {69352269-863A-4AE6-8B8B-D9726B8F1F0D}
		{30BB8EE0-6FC2-4333-9F8E-4856A255EBAD} = {1D9BABA5-B255-4466-87AF-C356305CB2AC}
		{039C4E6F-972C-43AC-AED9-46C6251861B2} = {69352269-863A-4AE6-8B8B-D9726B8F1F0D}
		{35C67AA2-5170-41D9-81E0-46392F0F7B26} = {039C4E6F-972C-43AC-AED9-46C6251861B2}
		{6BCC3C06-D397-43BB-9DE6-07DC5E79E886} = {35C67AA2-5170-41D9-81E0-46392F0F7B26}
		{AB1CB358-C35B-4691-990D-190897560A73} = {039C4E6F-972C-43AC-AED9-46C6251861B2}
		{772968A0-D24C-43CB-85CA-635DD786C361} = {AB1CB358-C35B-4691-990D-190897560A73}
		{EAE0D1B1-C80E-4585-839F-8DC887EDAA71} = {039C4E6F-972C-43AC-AED9-46C6251861B2}
		{DE8122B6-6A41-4B0E-9A1C-F06374809524} = {EAE0D1B1-C80E-4585-839F-8DC887EDAA71}
		{E19CD90A-790B-4042-9C95-F07CDF8ACEA0} = {69352269-863A-4AE6-8B8B-D9726B8F1F0D}
		{459C2169-CCE5-4AD8-A317-64C3E90A755C} = {E19CD90A-790B-4042-9C95-F07CDF8ACEA0}
		{B56DAACB-E523-42A8-9EEF-6795B504527C} = {69352269-863A-4AE6-8B8B-D9726B8F1F0D}
		{3209CF4A-A69A-4EF2-B582-08EF0AEB0714} = {B56DAACB-E523-42A8-9EEF-6795B504527C}
		{B7D2433B-3E0D-4BD6-AECD-0BD007E42C31} = {69352269-863A-4AE6-8B8B-D9726B8F1F0D}
		{C51D606D-9A76-4269-930A-C4DC72F9542A} = {B7D2433B-3E0D-4BD6-AECD-0BD007E42C31}
	EndGlobalSection
EndGlobal
